{
  "name": "node-onlykey-lib",
  "version": "0.1.0",
  "lockfileVersion": 3,
  "requires": true,
  "packages": {
    "": {
      "name": "node-onlykey-lib",
      "version": "0.1.0",
      "license": "Apache-2.0",
      "dependencies": {
        "@bmatusiak/rectify": "github:bmatusiak/rectify",
        "@noble/ciphers": "^2.4.0",
        "@noble/curves": "^2.4.0",
        "@noble/hashes": "^2.4.0",
        "@noble/post-quantum": "^0.7.1",
        "tweetnacl": "^1.0.3"
      },
      "devDependencies": {
        "typescript": "^6.0.3"
      }
    },
    "node_modules/@bmatusiak/rectify": {
      "version": "2.0.0",
      "resolved": "git+ssh://git@github.com/bmatusiak/rectify.git#a0d9f0e6e537053122273b1f763ac87ae461361c",
      "license": "ISC",
      "dependencies": {
        "events": "^3.3.0"
      }
    },
    "node_modules/@noble/ciphers": {
      "version": "2.4.0",
      "resolved": "https://registry.npmjs.org/@noble/ciphers/-/ciphers-2.4.0.tgz",
      "integrity": "sha512-AnjFn0Jv92laAkvMrghlFZq4qQCIN/4DxFV/eooqtC2YTjB7kBeLMS2T9KJX4Dn+ZVXLOwK0lSgqDtx9gvxtiw==",
      "license": "MIT",
      "engines": {
        "node": ">= 20.19.0"
      },
      "funding": {
        "url": "https://paulmillr.com/funding/"
      }
    },
    "node_modules/@noble/curves": {
      "version": "2.4.0",
      "resolved": "https://registry.npmjs.org/@noble/curves/-/curves-2.4.0.tgz",
      "integrity": "sha512-P4/62zrgfH33CneE3Dn4WhJVA22YUU0eR51wKIan4NVRvwsA0YnPTwWGpNbpuacSujmSFLvyzpyuR30+fbq2Ew==",
      "license": "MIT",
      "dependencies": {
        "@noble/hashes": "2.4.0"
      },
      "engines": {
        "node": ">= 20.19.0"
      },
      "funding": {
        "url": "https://paulmillr.com/funding/"
      }
    },
    "node_modules/@noble/hashes": {
      "version": "2.4.0",
      "resolved": "https://registry.npmjs.org/@noble/hashes/-/hashes-2.4.0.tgz",
      "integrity": "sha512-X5XaVWZIBCT7HHZGm5I7ZQXDwLG+bGXuSrMQAW+7Zvl87h1kmc1ZB1VSRJcpUfoUrGQp4Fkoxm5kZ+Ms+aW+eA==",
      "license": "MIT",
      "engines": {
        "node": ">= 20.19.0"
      },
      "funding": {
        "url": "https://paulmillr.com/funding/"
      }
    },
    "node_modules/@noble/post-quantum": {
      "version": "0.7.1",
      "resolved": "https://registry.npmjs.org/@noble/post-quantum/-/post-quantum-0.7.1.tgz",
      "integrity": "sha512-+P9981IiAnVh+rmcubozzVwrEy3XsN/tMhTnvsjV9VDaYpOnNCqWqKo2FLWxbu92YHfjGIlE5XnW175UK+ln+Q==",
      "license": "MIT",
      "dependencies": {
        "@noble/ciphers": "2.4.0",
        "@noble/curves": "2.4.0",
        "@noble/hashes": "2.4.0"
      },
      "engines": {
        "node": ">= 20.19.0"
      },
      "funding": {
        "url": "https://paulmillr.com/funding/"
      }
    },
    "node_modules/events": {
      "version": "3.3.0",
      "resolved": "https://registry.npmjs.org/events/-/events-3.3.0.tgz",
      "integrity": "sha512-mQw+2fkQbALzQ7V0MY0IqdnXNOeTtP4r0lN9z7AAawCXgqea7bDii20AYrIBrFd/Hx0M2Ocz6S111CaFkUcb0Q==",
      "license": "MIT",
      "engines": {
        "node": ">=0.8.x"
      }
    },
    "node_modules/tweetnacl": {
      "version": "1.0.3",
      "resolved": "https://registry.npmjs.org/tweetnacl/-/tweetnacl-1.0.3.tgz",
      "integrity": "sha512-6rt+RN7aOi1nGMyC4Xa5DdYiukl2UWCbcJft7YhxReBGQD7OAM8Pbxw6YMo4r2diNEA8FEmu32YOn9rhaiE5yw==",
      "license": "Unlicense"
    },
    "node_modules/typescript": {
      "version": "6.0.3",
      "resolved": "https://registry.npmjs.org/typescript/-/typescript-6.0.3.tgz",
      "integrity": "sha512-y2TvuxSZPDyQakkFRPZHKFm+KKVqIisdg9/CZwm9ftvKXLP8NRWj38/ODjNbr43SsoXqNuAisEf1GdCxqWcdBw==",
      "dev": true,
      "license": "Apache-2.0",
      "bin": {
        "tsc": "bin/tsc",
        "tsserver": "bin/tsserver"
      },
      "engines": {
        "node": ">=14.17"
      }
    }
  }
}
